
Microsoft Visual Studio Solution File, Format Version 12.00
# Visual Studio Version 16
VisualStudioVersion = 16.0.32228.343
MinimumVisualStudioVersion = 10.0.40219.1
Project("{FAE04EC0-301F-11D3-BF4B-00C04F79EFBC}") = "EnterTarget", "EnterTarget.csproj", "{81B0A04B-4D05-423F-9217-84CE64057E78}"
EndProject
Project("{54435603-DBB4-11D2-8724-00A0C9A8B90C}") = "DailyTarget", "DailyTarget\DailyTarget.vdproj", "{C447DD24-36AE-4F4F-A5BB-360AF3143D2C}"
EndProject
Global
	GlobalSection(SolutionConfigurationPlatforms) = preSolution
		Debug|Any CPU = Debug|Any CPU
		Release|Any CPU = Release|Any CPU
	EndGlobalSection
	GlobalSection(ProjectConfigurationPlatforms) = postSolution
		{81B0A04B-4D05-423F-9217-84CE64057E78}.Debug|Any CPU.ActiveCfg = Debug|Any CPU
		{81B0A04B-4D05-423F-9217-84CE64057E78}.Debug|Any CPU.Build.0 = Debug|Any CPU
		{81B0A04B-4D05-423F-9217-84CE64057E78}.Release|Any CPU.ActiveCfg = Release|Any CPU
		{81B0A04B-4D05-423F-9217-84CE64057E78}.Release|Any CPU.Build.0 = Release|Any CPU
		{C447DD24-36AE-4F4F-A5BB-360AF3143D2C}.Debug|Any CPU.ActiveCfg = Debug
		{C447DD24-36AE-4F4F-A5BB-360AF3143D2C}.Release|Any CPU.ActiveCfg = Release
	EndGlobalSection
	GlobalSection(SolutionProperties) = preSolution
		HideSolutionNode = FALSE
	EndGlobalSection
	GlobalSection(ExtensibilityGlobals) = postSolution
		SolutionGuid = {5F45CFD2-0375-4794-9885-883D8BC2CA06}
	EndGlobalSection
EndGlobal
